// !$*UTF8*$!
{
	archiveVersion = 1;
	classes = {
	};
	objectVersion = 46;
	objects = {

/* Begin PBXBuildFile section */
		BDCAB1E21D58275700F67D71 /* stackIntLinked.c in Sources */ = {isa = PBXBuildFile; fileRef = BDCAB1E01D58275700F67D71 /* stackIntLinked.c */; };
		BDCDA6371D5672CE00393AFB /* main.c in Sources */ = {isa = PBXBuildFile; fileRef = BDCDA6361D5672CE00393AFB /* main.c */; };
/* End PBXBuildFile section */

/* Begin PBXCopyFilesBuildPhase section */
		BDCDA6311D5672CE00393AFB /* CopyFiles */ = {
			isa = PBXCopyFilesBuildPhase;
			buildActionMask = 2147483647;
			dstPath = /usr/share/man/man1/;
			dstSubfolderSpec = 0;
			files = (
			);
			runOnlyForDeploymentPostprocessing = 1;
		};
/* End PBXCopyFilesBuildPhase section */

/* Begin PBXFileReference section */
		BDCAB1E01D58275700F67D71 /* stackIntLinked.c */ = {isa = PBXFileReference; fileEncoding = 4; lastKnownFileType = sourcecode.c.c; path = stackIntLinked.c; sourceTree = "<group>"; };
		BDCAB1E11D58275700F67D71 /* stackIntLinked.h */ = {isa = PBXFileReference; fileEncoding = 4; lastKnownFileType = sourcecode.c.h; path = stackIntLinked.h; sourceTree = "<group>"; };
		BDCDA6331D5672CE00393AFB /* weeek4Assignment2 */ = {isa = PBXFileReference; explicitFileType = "compiled.mach-o.executable"; includeInIndex = 0; path = weeek4Assignment2; sourceTree = BUILT_PRODUCTS_DIR; };
		BDCDA6361D5672CE00393AFB /* main.c */ = {isa = PBXFileReference; lastKnownFileType = sourcecode.c.c; path = main.c; sourceTree = "<group>"; };
/* End PBXFileReference section */

/* Begin PBXFrameworksBuildPhase section */
		BDCDA6301D5672CE00393AFB /* Frameworks */ = {
			isa = PBXFrameworksBuildPhase;
			buildActionMask = 2147483647;
			files = (
			);
			runOnlyForDeploymentPostprocessing = 0;
		};
/* End PBXFrameworksBuildPhase section */

/* Begin PBXGroup section */
		BDCDA62A1D5672CE00393AFB = {
			isa = PBXGroup;
			children = (
				BDCDA6351D5672CE00393AFB /* weeek4Assignment2 */,
				BDCDA6341D5672CE00393AFB /* Products */,
			);
			sourceTree = "<group>";
		};
		BDCDA6341D5672CE00393AFB /* Products */ = {
			isa = PBXGroup;
			children = (
				BDCDA6331D5672CE00393AFB /* weeek4Assignment2 */,
			);
			name = Products;
			sourceTree = "<group>";
		};
		BDCDA6351D5672CE00393AFB /* weeek4Assignment2 */ = {
			isa = PBXGroup;
			children = (
				BDCDA6361D5672CE00393AFB /* main.c */,
				BDCAB1E01D58275700F67D71 /* stackIntLinked.c */,
				BDCAB1E11D58275700F67D71 /* stackIntLinked.h */,
			);
			path = weeek4Assignment2;
			sourceTree = "<group>";
		};
/* End PBXGroup section */

/* Begin PBXNativeTarget section */
		BDCDA6321D5672CE00393AFB /* weeek4Assignment2 */ = {
			isa = PBXNativeTarget;
			buildConfigurationList = BDCDA63A1D5672CE00393AFB /* Build configuration list for PBXNativeTarget "weeek4Assignment2" */;
			buildPhases = (
				BDCDA62F1D5672CE00393AFB /* Sources */,
				BDCDA6301D5672CE00393AFB /* Frameworks */,
				BDCDA6311D5672CE00393AFB /* CopyFiles */,
			);
			buildRules = (
			);
			dependencies = (
			);
			name = weeek4Assignment2;
			productName = weeek4Assignment2;
			productReference = BDCDA6331D5672CE00393AFB /* weeek4Assignment2 */;
			productType = "com.apple.product-type.tool";
		};
/* End PBXNativeTarget section */

/* Begin PBXProject section */
		BDCDA62B1D5672CE00393AFB /* Project object */ = {
			isa = PBXProject;
			attributes = {
				LastUpgradeCheck = 0720;
				ORGANIZATIONNAME = "Anh Luong";
				TargetAttributes = {
					BDCDA6321D5672CE00393AFB = {
						CreatedOnToolsVersion = 7.2.1;
					};
				};
			};
			buildConfigurationList = BDCDA62E1D5672CE00393AFB /* Build configuration list for PBXProject "weeek4Assignment2" */;
			compatibilityVersion = "Xcode 3.2";
			developmentRegion = English;
			hasScannedForEncodings = 0;
			knownRegions = (
				en,
			);
			mainGroup = BDCDA62A1D5672CE00393AFB;
			productRefGroup = BDCDA6341D5672CE00393AFB /* Products */;
			projectDirPath = "";
			projectRoot = "";
			targets = (
				BDCDA6321D5672CE00393AFB /* weeek4Assignment2 */,
			);
		};
/* End PBXProject section */

/* Begin PBXSourcesBuildPhase section */
		BDCDA62F1D5672CE00393AFB /* Sources */ = {
			isa = PBXSourcesBuildPhase;
			buildActionMask = 2147483647;
			files = (
				BDCDA6371D5672CE00393AFB /* main.c in Sources */,
				BDCAB1E21D58275700F67D71 /* stackIntLinked.c in Sources */,
			);
			runOnlyForDeploymentPostprocessing = 0;
		};
/* End PBXSourcesBuildPhase section */

/* Begin XCBuildConfiguration section */
		BDCDA6381D5672CE00393AFB /* Debug */ = {
			isa = XCBuildConfiguration;
			buildSettings = {
				ALWAYS_SEARCH_USER_PATHS = NO;
				CLANG_CXX_LANGUAGE_STANDARD = "gnu++0x";
				CLANG_CXX_LIBRARY = "libc++";
				CLANG_ENABLE_MODULES = YES;
				CLANG_ENABLE_OBJC_ARC = YES;
				CLANG_WARN_BOOL_CONVERSION = YES;
				CLANG_WARN_CONSTANT_CONVERSION = YES;
				CLANG_WARN_DIRECT_OBJC_ISA_USAGE = YES_ERROR;
				CLANG_WARN_EMPTY_BODY = YES;
				CLANG_WARN_ENUM_CONVERSION = YES;
				CLANG_WARN_INT_CONVERSION = YES;
				CLANG_WARN_OBJC_ROOT_CLASS = YES_ERROR;
				CLANG_WARN_UNREACHABLE_CODE = YES;
				CLANG_WARN__DUPLICATE_METHOD_MATCH = YES;
				CODE_SIGN_IDENTITY = "-";
				COPY_PHASE_STRIP = NO;
				DEBUG_INFORMATION_FORMAT = dwarf;
				ENABLE_STRICT_OBJC_MSGSEND = YES;
				ENABLE_TESTABILITY = YES;
				GCC_C_LANGUAGE_STANDARD = gnu99;
				GCC_DYNAMIC_NO_PIC = NO;
				GCC_NO_COMMON_BLOCKS = YES;
				GCC_OPTIMIZATION_LEVEL = 0;
				GCC_PREPROCESSOR_DEFINITIONS = (
					"DEBUG=1",
					"$(inherited)",
				);
				GCC_WARN_64_TO_32_BIT_CONVERSION = YES;
				GCC_WARN_ABOUT_RETURN_TYPE = YES_ERROR;
				GCC_WARN_UNDECLARED_SELECTOR = YES;
				GCC_WARN_UNINITIALIZED_AUTOS = YES_AGGRESSIVE;
				GCC_WARN_UNUSED_FUNCTION = YES;
				GCC_WARN_UNUSED_VARIABLE = YES;
				MACOSX_DEPLOYMENT_TARGET = 10.10;
				MTL_ENABLE_DEBUG_INFO = YES;
				ONLY_ACTIVE_ARCH = YES;
				SDKROOT = macosx;
			};
			name = Debug;
		};
		BDCDA6391D5672CE00393AFB /* Release */ = {
			isa = XCBuildConfiguration;
			buildSettings = {
				ALWAYS_SEARCH_USER_PATHS = NO;
				CLANG_CXX_LANGUAGE_STANDARD = "gnu++0x";
				CLANG_CXX_LIBRARY = "libc++";
				CLANG_ENABLE_MODULES = YES;
				CLANG_ENABLE_OBJC_ARC = YES;
				CLANG_WARN_BOOL_CONVERSION = YES;
				CLANG_WARN_CONSTANT_CONVERSION = YES;
				CLANG_WARN_DIRECT_OBJC_ISA_USAGE = YES_ERROR;
				CLANG_WARN_EMPTY_BODY = YES;
				CLANG_WARN_ENUM_CONVERSION = YES;
				CLANG_WARN_INT_CONVERSION = YES;
				CLANG_WARN_OBJC_ROOT_CLASS = YES_ERROR;
				CLANG_WARN_UNREACHABLE_CODE = YES;
				CLANG_WARN__DUPLICATE_METHOD_MATCH = YES;
				CODE_SIGN_IDENTITY = "-";
				COPY_PHASE_STRIP = NO;
				DEBUG_INFORMATION_FORMAT = "dwarf-with-dsym";
				ENABLE_NS_ASSERTIONS = NO;
				ENABLE_STRICT_OBJC_MSGSEND = YES;
				GCC_C_LANGUAGE_STANDARD = gnu99;
				GCC_NO_COMMON_BLOCKS = YES;
				GCC_WARN_64_TO_32_BIT_CONVERSION = YES;
				GCC_WARN_ABOUT_RETURN_TYPE = YES_ERROR;
				GCC_WARN_UNDECLARED_SELECTOR = YES;
				GCC_WARN_UNINITIALIZED_AUTOS = YES_AGGRESSIVE;
				GCC_WARN_UNUSED_FUNCTION = YES;
				GCC_WARN_UNUSED_VARIABLE = YES;
				MACOSX_DEPLOYMENT_TARGET = 10.10;
				MTL_ENABLE_DEBUG_INFO = NO;
				SDKROOT = macosx;
			};
			name = Release;
		};
		BDCDA63B1D5672CE00393AFB /* Debug */ = {
			isa = XCBuildConfiguration;
			buildSettings = {
				PRODUCT_NAME = "$(TARGET_NAME)";
			};
			name = Debug;
		};
		BDCDA63C1D5672CE00393AFB /* Release */ = {
			isa = XCBuildConfiguration;
			buildSettings = {
				PRODUCT_NAME = "$(TARGET_NAME)";
			};
			name = Release;
		};
/* End XCBuildConfiguration section */

/* Begin XCConfigurationList section */
		BDCDA62E1D5672CE00393AFB /* Build configuration list for PBXProject "weeek4Assignment2" */ = {
			isa = XCConfigurationList;
			buildConfigurations = (
				BDCDA6381D5672CE00393AFB /* Debug */,
				BDCDA6391D5672CE00393AFB /* Release */,
			);
			defaultConfigurationIsVisible = 0;
			defaultConfigurationName = Release;
		};
		BDCDA63A1D5672CE00393AFB /* Build configuration list for PBXNativeTarget "weeek4Assignment2" */ = {
			isa = XCConfigurationList;
			buildConfigurations = (
				BDCDA63B1D5672CE00393AFB /* Debug */,
				BDCDA63C1D5672CE00393AFB /* Release */,
			);
			defaultConfigurationIsVisible = 0;
			defaultConfigurationName = Release;
		};
/* End XCConfigurationList section */
	};
	rootObject = BDCDA62B1D5672CE00393AFB /* Project object */;
}
